FORGE
  remote: http://forge.puppetlabs.com
  specs:
    puppetlabs/apt (1.2.0)
      puppetlabs/stdlib (>= 2.2.1)
    puppetlabs/firewall (0.4.0)
    puppetlabs/git (0.0.2)
    puppetlabs/postgresql (2.4.1)
      puppetlabs/apt (< 2.0.0, >= 1.1.0)
      puppetlabs/firewall (>= 0.0.4)
      puppetlabs/stdlib (< 5.0.0, >= 3.2.0)
      ripienaar/concat (>= 0.2.0)
    puppetlabs/ruby (0.0.2)
    puppetlabs/stdlib (4.1.0)
    puppetlabs/vcsrepo (0.1.2)
    ripienaar/concat (0.2.0)

GIT
  remote: https://github.com/ivanlei/puppet-rvm.git
  ref: master
  sha: 4e05ae746b8da8af432d43369ecffbe66fb7494d
  specs:
    ivanlei/rvm (1.0.0)

DEPENDENCIES
  ivanlei/rvm (>= 0)
  puppetlabs/apt (>= 0)
  puppetlabs/firewall (>= 0)
  puppetlabs/git (>= 0)
  puppetlabs/postgresql (>= 0)
  puppetlabs/ruby (>= 0)
  puppetlabs/stdlib (>= 0)
  puppetlabs/vcsrepo (>= 0)
  ripienaar/concat (>= 0)

